Microsoft Visual Studio Solution File, Format Version 12.00
# Visual Studio Version 17
VisualStudioVersion = 17.5.2.0
MinimumVisualStudioVersion = 10.0.40219.1
Project("{FAE04EC0-301F-11D3-BF4B-00C04F79EFBC}") = "fnVignette", "fnVignette\fnVignette.csproj", "{9BD66896-8176-8391-A646-1128C53BA7ED}"
EndProject
Global
	GlobalSection(SolutionConfigurationPlatforms) = preSolution
		Debug|Any CPU = Debug|Any CPU
		Release|Any CPU = Release|Any CPU
	EndGlobalSection
	GlobalSection(ProjectConfigurationPlatforms) = postSolution
		{9BD66896-8176-8391-A646-1128C53BA7ED}.Debug|Any CPU.ActiveCfg = Debug|Any CPU
		{9BD66896-8176-8391-A646-1128C53BA7ED}.Debug|Any CPU.Build.0 = Debug|Any CPU
		{9BD66896-8176-8391-A646-1128C53BA7ED}.Release|Any CPU.ActiveCfg = Release|Any CPU
		{9BD66896-8176-8391-A646-1128C53BA7ED}.Release|Any CPU.Build.0 = Release|Any CPU
	EndGlobalSection
	GlobalSection(SolutionProperties) = preSolution
		HideSolutionNode = FALSE
	EndGlobalSection
	GlobalSection(ExtensibilityGlobals) = postSolution
		SolutionGuid = {C5D90E24-55C1-4612-A3DD-0005C0F4E781}
	EndGlobalSection
EndGlobal
